
Microsoft Visual Studio Solution File, Format Version 12.00
# Visual Studio Version 17
VisualStudioVersion = 17.0.32112.339
MinimumVisualStudioVersion = 10.0.40219.1
Project("{FAE04EC0-301F-11D3-BF4B-00C04F79EFBC}") = "GoFish", "GoFish.csproj", "{1571D6E9-BCB2-4676-A77B-B5080BACF486}"
EndProject
Global
	GlobalSection(SolutionConfigurationPlatforms) = preSolution
		Debug|Any CPU = Debug|Any CPU
		Release|Any CPU = Release|Any CPU
	EndGlobalSection
	GlobalSection(ProjectConfigurationPlatforms) = postSolution
		{1571D6E9-BCB2-4676-A77B-B5080BACF486}.Debug|Any CPU.ActiveCfg = Debug|Any CPU
		{1571D6E9-BCB2-4676-A77B-B5080BACF486}.Debug|Any CPU.Build.0 = Debug|Any CPU
		{1571D6E9-BCB2-4676-A77B-B5080BACF486}.Release|Any CPU.ActiveCfg = Release|Any CPU
		{1571D6E9-BCB2-4676-A77B-B5080BACF486}.Release|Any CPU.Build.0 = Release|Any CPU
	EndGlobalSection
	GlobalSection(SolutionProperties) = preSolution
		HideSolutionNode = FALSE
	EndGlobalSection
	GlobalSection(ExtensibilityGlobals) = postSolution
		SolutionGuid = {F5A0F88B-451A-4F83-9D37-56A5EB6BE3D9}
	EndGlobalSection
EndGlobal
